# This file was autogenerated by Stack.
# You should not edit this file by hand.
# For more information, please see the documentation at:
#   https://docs.haskellstack.org/en/stable/lock_files

snapshots:
- original: nightly-2021-08-25
  completed:
    sha256: 192a796bfe8210f55d20f375d117991997c171aa88058913d092c98bb74e93a9
    url: https://raw.githubusercontent.com/commercialhaskell/stackage-snapshots/master/nightly/2021/8/25.yaml
    size: 576758
packages: []
