# This file was autogenerated by Stack.
# You should not edit this file by hand.
# For more information, please see the documentation at:
#   https://docs.haskellstack.org/en/stable/lock_files

snapshots:
- original: nightly-2021-07-13
  completed:
    sha256: 5fa084a28cc94b0f1ea9c8281c127f0e826de702d30545c74d8bf42a19cfe875
    url: https://raw.githubusercontent.com/commercialhaskell/stackage-snapshots/master/nightly/2021/7/13.yaml
    size: 554055
packages: []
